
Microsoft Visual Studio Solution File, Format Version 12.00
# Visual Studio Version 16
VisualStudioVersion = 16.0.30804.86
MinimumVisualStudioVersion = 10.0.40219.1
Project("{9A19103F-16F7-4668-BE54-9A1E7A4F7556}") = "BinanceTR", "BinanceTR\BinanceTR.csproj", "{A43D5202-8FFF-4176-8487-C9CB1C2C22F8}"
EndProject
Project("{FAE04EC0-301F-11D3-BF4B-00C04F79EFBC}") = "BinanceTr.Test", "BinanceTr.Test\BinanceTr.Test.csproj", "{22EF3B1D-45AC-45A4-9EE0-DC1D65D0E7DD}"
EndProject
Global
	GlobalSection(SolutionConfigurationPlatforms) = preSolution
		Debug|Any CPU = Debug|Any CPU
		Release|Any CPU = Release|Any CPU
	EndGlobalSection
	GlobalSection(ProjectConfigurationPlatforms) = postSolution
		{A43D5202-8FFF-4176-8487-C9CB1C2C22F8}.Debug|Any CPU.ActiveCfg = Debug|Any CPU
		{A43D5202-8FFF-4176-8487-C9CB1C2C22F8}.Debug|Any CPU.Build.0 = Debug|Any CPU
		{A43D5202-8FFF-4176-8487-C9CB1C2C22F8}.Release|Any CPU.ActiveCfg = Release|Any CPU
		{A43D5202-8FFF-4176-8487-C9CB1C2C22F8}.Release|Any CPU.Build.0 = Release|Any CPU
		{22EF3B1D-45AC-45A4-9EE0-DC1D65D0E7DD}.Debug|Any CPU.ActiveCfg = Debug|Any CPU
		{22EF3B1D-45AC-45A4-9EE0-DC1D65D0E7DD}.Debug|Any CPU.Build.0 = Debug|Any CPU
		{22EF3B1D-45AC-45A4-9EE0-DC1D65D0E7DD}.Release|Any CPU.ActiveCfg = Release|Any CPU
		{22EF3B1D-45AC-45A4-9EE0-DC1D65D0E7DD}.Release|Any CPU.Build.0 = Release|Any CPU
	EndGlobalSection
	GlobalSection(SolutionProperties) = preSolution
		HideSolutionNode = FALSE
	EndGlobalSection
	GlobalSection(ExtensibilityGlobals) = postSolution
		SolutionGuid = {20C34389-5F65-4C61-A9B4-BFC8E986B438}
	EndGlobalSection
EndGlobal
