
Microsoft Visual Studio Solution File, Format Version 12.00
# Visual Studio Version 17
VisualStudioVersion = 17.14.36127.28 d17.14
MinimumVisualStudioVersion = 10.0.40219.1
Project("{FAE04EC0-301F-11D3-BF4B-00C04F79EFBC}") = "BinanceTR", "BinanceTR\BinanceTR.csproj", "{3BDDFA57-0624-4784-97E3-ACC0603152DB}"
EndProject
Project("{FAE04EC0-301F-11D3-BF4B-00C04F79EFBC}") = "BinanceTR.Samples", "BinanceTR.Samples\BinanceTR.Samples.csproj", "{2D7CF1A4-3C92-4E3E-8E70-2586C7BEDF93}"
EndProject
Global
	GlobalSection(SolutionConfigurationPlatforms) = preSolution
		Debug|Any CPU = Debug|Any CPU
		Release|Any CPU = Release|Any CPU
	EndGlobalSection
	GlobalSection(ProjectConfigurationPlatforms) = postSolution
		{3BDDFA57-0624-4784-97E3-ACC0603152DB}.Debug|Any CPU.ActiveCfg = Debug|Any CPU
		{3BDDFA57-0624-4784-97E3-ACC0603152DB}.Debug|Any CPU.Build.0 = Debug|Any CPU
		{3BDDFA57-0624-4784-97E3-ACC0603152DB}.Release|Any CPU.ActiveCfg = Release|Any CPU
		{3BDDFA57-0624-4784-97E3-ACC0603152DB}.Release|Any CPU.Build.0 = Release|Any CPU
		{2D7CF1A4-3C92-4E3E-8E70-2586C7BEDF93}.Debug|Any CPU.ActiveCfg = Debug|Any CPU
		{2D7CF1A4-3C92-4E3E-8E70-2586C7BEDF93}.Debug|Any CPU.Build.0 = Debug|Any CPU
		{2D7CF1A4-3C92-4E3E-8E70-2586C7BEDF93}.Release|Any CPU.ActiveCfg = Release|Any CPU
		{2D7CF1A4-3C92-4E3E-8E70-2586C7BEDF93}.Release|Any CPU.Build.0 = Release|Any CPU
	EndGlobalSection
	GlobalSection(SolutionProperties) = preSolution
		HideSolutionNode = FALSE
	EndGlobalSection
	GlobalSection(ExtensibilityGlobals) = postSolution
		SolutionGuid = {1E1A1D38-8EA7-4B99-810F-5D8C82C95F85}
	EndGlobalSection
EndGlobal
